
Microsoft Visual Studio Solution File, Format Version 12.00
# Visual Studio Version 16
VisualStudioVersion = 16.0.29920.165
MinimumVisualStudioVersion = 10.0.40219.1
Project("{9A19103F-16F7-4668-BE54-9A1E7A4F7556}") = "ParkingLotManagement", "ParkingLotManagement.csproj", "{FD2B144A-15ED-4A3A-8A6F-AAC429E0D604}"
EndProject
Project("{9A19103F-16F7-4668-BE54-9A1E7A4F7556}") = "Model", "..\Model\Model.csproj", "{5BB576B8-7775-41EF-A90B-604DB58BDB70}"
EndProject
Project("{FAE04EC0-301F-11D3-BF4B-00C04F79EFBC}") = "Manager", "..\Manager\Manager.csproj", "{299E54F7-C98A-44B2-8E86-0106C6263040}"
EndProject
Project("{FAE04EC0-301F-11D3-BF4B-00C04F79EFBC}") = "Repository", "..\Repository\Repository.csproj", "{D9E82FDE-AE0D-48BF-8048-5300B6437CC8}"
EndProject
Global
	GlobalSection(SolutionConfigurationPlatforms) = preSolution
		Debug|Any CPU = Debug|Any CPU
		Release|Any CPU = Release|Any CPU
	EndGlobalSection
	GlobalSection(ProjectConfigurationPlatforms) = postSolution
		{FD2B144A-15ED-4A3A-8A6F-AAC429E0D604}.Debug|Any CPU.ActiveCfg = Debug|Any CPU
		{FD2B144A-15ED-4A3A-8A6F-AAC429E0D604}.Debug|Any CPU.Build.0 = Debug|Any CPU
		{FD2B144A-15ED-4A3A-8A6F-AAC429E0D604}.Release|Any CPU.ActiveCfg = Release|Any CPU
		{FD2B144A-15ED-4A3A-8A6F-AAC429E0D604}.Release|Any CPU.Build.0 = Release|Any CPU
		{5BB576B8-7775-41EF-A90B-604DB58BDB70}.Debug|Any CPU.ActiveCfg = Debug|Any CPU
		{5BB576B8-7775-41EF-A90B-604DB58BDB70}.Debug|Any CPU.Build.0 = Debug|Any CPU
		{5BB576B8-7775-41EF-A90B-604DB58BDB70}.Release|Any CPU.ActiveCfg = Release|Any CPU
		{5BB576B8-7775-41EF-A90B-604DB58BDB70}.Release|Any CPU.Build.0 = Release|Any CPU
		{299E54F7-C98A-44B2-8E86-0106C6263040}.Debug|Any CPU.ActiveCfg = Debug|Any CPU
		{299E54F7-C98A-44B2-8E86-0106C6263040}.Debug|Any CPU.Build.0 = Debug|Any CPU
		{299E54F7-C98A-44B2-8E86-0106C6263040}.Release|Any CPU.ActiveCfg = Release|Any CPU
		{299E54F7-C98A-44B2-8E86-0106C6263040}.Release|Any CPU.Build.0 = Release|Any CPU
		{D9E82FDE-AE0D-48BF-8048-5300B6437CC8}.Debug|Any CPU.ActiveCfg = Debug|Any CPU
		{D9E82FDE-AE0D-48BF-8048-5300B6437CC8}.Debug|Any CPU.Build.0 = Debug|Any CPU
		{D9E82FDE-AE0D-48BF-8048-5300B6437CC8}.Release|Any CPU.ActiveCfg = Release|Any CPU
		{D9E82FDE-AE0D-48BF-8048-5300B6437CC8}.Release|Any CPU.Build.0 = Release|Any CPU
	EndGlobalSection
	GlobalSection(SolutionProperties) = preSolution
		HideSolutionNode = FALSE
	EndGlobalSection
	GlobalSection(ExtensibilityGlobals) = postSolution
		SolutionGuid = {42A5A12B-BAB4-40F3-AD66-F88F473E1164}
	EndGlobalSection
EndGlobal
